
Microsoft Visual Studio Solution File, Format Version 12.00
# Visual Studio Version 16
VisualStudioVersion = 16.0.30114.105
MinimumVisualStudioVersion = 10.0.40219.1
Project("{FAE04EC0-301F-11D3-BF4B-00C04F79EFBC}") = "MouseMove", "MouseMove\MouseMove.csproj", "{83B7E065-8114-47C4-ADC9-D90EF8F70C79}"
EndProject
Global
	GlobalSection(SolutionConfigurationPlatforms) = preSolution
		Debug|Any CPU = Debug|Any CPU
		Release|Any CPU = Release|Any CPU
	EndGlobalSection
	GlobalSection(ProjectConfigurationPlatforms) = postSolution
		{83B7E065-8114-47C4-ADC9-D90EF8F70C79}.Debug|Any CPU.ActiveCfg = Debug|Any CPU
		{83B7E065-8114-47C4-ADC9-D90EF8F70C79}.Debug|Any CPU.Build.0 = Debug|Any CPU
		{83B7E065-8114-47C4-ADC9-D90EF8F70C79}.Release|Any CPU.ActiveCfg = Release|Any CPU
		{83B7E065-8114-47C4-ADC9-D90EF8F70C79}.Release|Any CPU.Build.0 = Release|Any CPU
	EndGlobalSection
	GlobalSection(SolutionProperties) = preSolution
		HideSolutionNode = FALSE
	EndGlobalSection
	GlobalSection(ExtensibilityGlobals) = postSolution
		SolutionGuid = {782590B3-BA7E-4BEF-BE81-F8C0050EE4DD}
	EndGlobalSection
EndGlobal
